
Microsoft Visual Studio Solution File, Format Version 12.00
# Visual Studio Version 16
VisualStudioVersion = 16.0.29512.175
MinimumVisualStudioVersion = 10.0.40219.1
Project("{FAE04EC0-301F-11D3-BF4B-00C04F79EFBC}") = "CallAPI", "CallAPI.csproj", "{7979DFC8-1FE5-48ED-8251-BB31E349353C}"
EndProject
Project("{FAE04EC0-301F-11D3-BF4B-00C04F79EFBC}") = "APILibrary", "..\APILibrary\APILibrary.csproj", "{4175B84B-DCEC-4A26-8823-18DF7FA29B55}"
EndProject
Global
	GlobalSection(SolutionConfigurationPlatforms) = preSolution
		Debug|Any CPU = Debug|Any CPU
		Release|Any CPU = Release|Any CPU
	EndGlobalSection
	GlobalSection(ProjectConfigurationPlatforms) = postSolution
		{7979DFC8-1FE5-48ED-8251-BB31E349353C}.Debug|Any CPU.ActiveCfg = Debug|Any CPU
		{7979DFC8-1FE5-48ED-8251-BB31E349353C}.Debug|Any CPU.Build.0 = Debug|Any CPU
		{7979DFC8-1FE5-48ED-8251-BB31E349353C}.Release|Any CPU.ActiveCfg = Release|Any CPU
		{7979DFC8-1FE5-48ED-8251-BB31E349353C}.Release|Any CPU.Build.0 = Release|Any CPU
		{4175B84B-DCEC-4A26-8823-18DF7FA29B55}.Debug|Any CPU.ActiveCfg = Debug|Any CPU
		{4175B84B-DCEC-4A26-8823-18DF7FA29B55}.Debug|Any CPU.Build.0 = Debug|Any CPU
		{4175B84B-DCEC-4A26-8823-18DF7FA29B55}.Release|Any CPU.ActiveCfg = Release|Any CPU
		{4175B84B-DCEC-4A26-8823-18DF7FA29B55}.Release|Any CPU.Build.0 = Release|Any CPU
	EndGlobalSection
	GlobalSection(SolutionProperties) = preSolution
		HideSolutionNode = FALSE
	EndGlobalSection
	GlobalSection(ExtensibilityGlobals) = postSolution
		SolutionGuid = {5DBAC08C-3D51-4D5D-A881-6C7A4F817171}
	EndGlobalSection
EndGlobal
